// !$*UTF8*$!
{
	archiveVersion = 1;
	classes = {
	};
	objectVersion = 48;
	objects = {

/* Begin PBXBuildFile section */
		DAC83C7A1FB51A7E00CDE491 /* AppDelegate.m in Sources */ = {isa = PBXBuildFile; fileRef = DAC83C791FB51A7E00CDE491 /* AppDelegate.m */; };
		DAC83C7D1FB51A7E00CDE491 /* ViewController.m in Sources */ = {isa = PBXBuildFile; fileRef = DAC83C7C1FB51A7E00CDE491 /* ViewController.m */; };
		DAC83C801FB51A7E00CDE491 /* Main.storyboard in Resources */ = {isa = PBXBuildFile; fileRef = DAC83C7E1FB51A7E00CDE491 /* Main.storyboard */; };
		DAC83C831FB51A7E00CDE491 /* PracticeEveryDo.xcdatamodeld in Sources */ = {isa = PBXBuildFile; fileRef = DAC83C811FB51A7E00CDE491 /* PracticeEveryDo.xcdatamodeld */; };
		DAC83C851FB51A7E00CDE491 /* Assets.xcassets in Resources */ = {isa = PBXBuildFile; fileRef = DAC83C841FB51A7E00CDE491 /* Assets.xcassets */; };
		DAC83C881FB51A7E00CDE491 /* LaunchScreen.storyboard in Resources */ = {isa = PBXBuildFile; fileRef = DAC83C861FB51A7E00CDE491 /* LaunchScreen.storyboard */; };
		DAC83C8B1FB51A7E00CDE491 /* main.m in Sources */ = {isa = PBXBuildFile; fileRef = DAC83C8A1FB51A7E00CDE491 /* main.m */; };
		DAC83C931FB51AD200CDE491 /* ToDo.m in Sources */ = {isa = PBXBuildFile; fileRef = DAC83C921FB51AD200CDE491 /* ToDo.m */; };
		DAD3D4E31FB5477900A1B287 /* TaskTableViewCell.m in Sources */ = {isa = PBXBuildFile; fileRef = DAD3D4E21FB5477900A1B287 /* TaskTableViewCell.m */; };
		DAD3D4E61FB54FE900A1B287 /* AddTaskViewController.m in Sources */ = {isa = PBXBuildFile; fileRef = DAD3D4E51FB54FE900A1B287 /* AddTaskViewController.m */; };
/* End PBXBuildFile section */

/* Begin PBXFileReference section */
		DAC83C751FB51A7E00CDE491 /* PracticeEveryDo.app */ = {isa = PBXFileReference; explicitFileType = wrapper.application; includeInIndex = 0; path = PracticeEveryDo.app; sourceTree = BUILT_PRODUCTS_DIR; };
		DAC83C781FB51A7E00CDE491 /* AppDelegate.h */ = {isa = PBXFileReference; lastKnownFileType = sourcecode.c.h; path = AppDelegate.h; sourceTree = "<group>"; };
		DAC83C791FB51A7E00CDE491 /* AppDelegate.m */ = {isa = PBXFileReference; lastKnownFileType = sourcecode.c.objc; path = AppDelegate.m; sourceTree = "<group>"; };
		DAC83C7B1FB51A7E00CDE491 /* ViewController.h */ = {isa = PBXFileReference; lastKnownFileType = sourcecode.c.h; path = ViewController.h; sourceTree = "<group>"; };
		DAC83C7C1FB51A7E00CDE491 /* ViewController.m */ = {isa = PBXFileReference; lastKnownFileType = sourcecode.c.objc; path = ViewController.m; sourceTree = "<group>"; };
		DAC83C7F1FB51A7E00CDE491 /* Base */ = {isa = PBXFileReference; lastKnownFileType = file.storyboard; name = Base; path = Base.lproj/Main.storyboard; sourceTree = "<group>"; };
		DAC83C821FB51A7E00CDE491 /* PracticeEveryDo.xcdatamodel */ = {isa = PBXFileReference; lastKnownFileType = wrapper.xcdatamodel; path = PracticeEveryDo.xcdatamodel; sourceTree = "<group>"; };
		DAC83C841FB51A7E00CDE491 /* Assets.xcassets */ = {isa = PBXFileReference; lastKnownFileType = folder.assetcatalog; path = Assets.xcassets; sourceTree = "<group>"; };
		DAC83C871FB51A7E00CDE491 /* Base */ = {isa = PBXFileReference; lastKnownFileType = file.storyboard; name = Base; path = Base.lproj/LaunchScreen.storyboard; sourceTree = "<group>"; };
		DAC83C891FB51A7E00CDE491 /* Info.plist */ = {isa = PBXFileReference; lastKnownFileType = text.plist.xml; path = Info.plist; sourceTree = "<group>"; };
		DAC83C8A1FB51A7E00CDE491 /* main.m */ = {isa = PBXFileReference; lastKnownFileType = sourcecode.c.objc; path = main.m; sourceTree = "<group>"; };
		DAC83C911FB51AD200CDE491 /* ToDo.h */ = {isa = PBXFileReference; lastKnownFileType = sourcecode.c.h; path = ToDo.h; sourceTree = "<group>"; };
		DAC83C921FB51AD200CDE491 /* ToDo.m */ = {isa = PBXFileReference; lastKnownFileType = sourcecode.c.objc; path = ToDo.m; sourceTree = "<group>"; };
		DAD3D4E11FB5477900A1B287 /* TaskTableViewCell.h */ = {isa = PBXFileReference; lastKnownFileType = sourcecode.c.h; path = TaskTableViewCell.h; sourceTree = "<group>"; };
		DAD3D4E21FB5477900A1B287 /* TaskTableViewCell.m */ = {isa = PBXFileReference; lastKnownFileType = sourcecode.c.objc; path = TaskTableViewCell.m; sourceTree = "<group>"; };
		DAD3D4E41FB54FE900A1B287 /* AddTaskViewController.h */ = {isa = PBXFileReference; lastKnownFileType = sourcecode.c.h; path = AddTaskViewController.h; sourceTree = "<group>"; };
		DAD3D4E51FB54FE900A1B287 /* AddTaskViewController.m */ = {isa = PBXFileReference; lastKnownFileType = sourcecode.c.objc; path = AddTaskViewController.m; sourceTree = "<group>"; };
/* End PBXFileReference section */

/* Begin PBXFrameworksBuildPhase section */
		DAC83C721FB51A7E00CDE491 /* Frameworks */ = {
			isa = PBXFrameworksBuildPhase;
			buildActionMask = 2147483647;
			files = (
			);
			runOnlyForDeploymentPostprocessing = 0;
		};
/* End PBXFrameworksBuildPhase section */

/* Begin PBXGroup section */
		DAC83C6C1FB51A7E00CDE491 = {
			isa = PBXGroup;
			children = (
				DAC83C771FB51A7E00CDE491 /* PracticeEveryDo */,
				DAC83C761FB51A7E00CDE491 /* Products */,
			);
			sourceTree = "<group>";
		};
		DAC83C761FB51A7E00CDE491 /* Products */ = {
			isa = PBXGroup;
			children = (
				DAC83C751FB51A7E00CDE491 /* PracticeEveryDo.app */,
			);
			name = Products;
			sourceTree = "<group>";
		};
		DAC83C771FB51A7E00CDE491 /* PracticeEveryDo */ = {
			isa = PBXGroup;
			children = (
				DAC83C781FB51A7E00CDE491 /* AppDelegate.h */,
				DAC83C791FB51A7E00CDE491 /* AppDelegate.m */,
				DAC83C7B1FB51A7E00CDE491 /* ViewController.h */,
				DAC83C7C1FB51A7E00CDE491 /* ViewController.m */,
				DAD3D4E41FB54FE900A1B287 /* AddTaskViewController.h */,
				DAD3D4E51FB54FE900A1B287 /* AddTaskViewController.m */,
				DAD3D4E11FB5477900A1B287 /* TaskTableViewCell.h */,
				DAD3D4E21FB5477900A1B287 /* TaskTableViewCell.m */,
				DAC83C911FB51AD200CDE491 /* ToDo.h */,
				DAC83C921FB51AD200CDE491 /* ToDo.m */,
				DAC83C7E1FB51A7E00CDE491 /* Main.storyboard */,
				DAC83C841FB51A7E00CDE491 /* Assets.xcassets */,
				DAC83C861FB51A7E00CDE491 /* LaunchScreen.storyboard */,
				DAC83C891FB51A7E00CDE491 /* Info.plist */,
				DAC83C8A1FB51A7E00CDE491 /* main.m */,
				DAC83C811FB51A7E00CDE491 /* PracticeEveryDo.xcdatamodeld */,
			);
			path = PracticeEveryDo;
			sourceTree = "<group>";
		};
/* End PBXGroup section */

/* Begin PBXNativeTarget section */
		DAC83C741FB51A7E00CDE491 /* PracticeEveryDo */ = {
			isa = PBXNativeTarget;
			buildConfigurationList = DAC83C8E1FB51A7E00CDE491 /* Build configuration list for PBXNativeTarget "PracticeEveryDo" */;
			buildPhases = (
				DAC83C711FB51A7E00CDE491 /* Sources */,
				DAC83C721FB51A7E00CDE491 /* Frameworks */,
				DAC83C731FB51A7E00CDE491 /* Resources */,
			);
			buildRules = (
			);
			dependencies = (
			);
			name = PracticeEveryDo;
			productName = PracticeEveryDo;
			productReference = DAC83C751FB51A7E00CDE491 /* PracticeEveryDo.app */;
			productType = "com.apple.product-type.application";
		};
/* End PBXNativeTarget section */

/* Begin PBXProject section */
		DAC83C6D1FB51A7E00CDE491 /* Project object */ = {
			isa = PBXProject;
			attributes = {
				LastUpgradeCheck = 0910;
				ORGANIZATIONNAME = Paul;
				TargetAttributes = {
					DAC83C741FB51A7E00CDE491 = {
						CreatedOnToolsVersion = 9.1;
						ProvisioningStyle = Automatic;
					};
				};
			};
			buildConfigurationList = DAC83C701FB51A7E00CDE491 /* Build configuration list for PBXProject "PracticeEveryDo" */;
			compatibilityVersion = "Xcode 8.0";
			developmentRegion = en;
			hasScannedForEncodings = 0;
			knownRegions = (
				en,
				Base,
			);
			mainGroup = DAC83C6C1FB51A7E00CDE491;
			productRefGroup = DAC83C761FB51A7E00CDE491 /* Products */;
			projectDirPath = "";
			projectRoot = "";
			targets = (
				DAC83C741FB51A7E00CDE491 /* PracticeEveryDo */,
			);
		};
/* End PBXProject section */

/* Begin PBXResourcesBuildPhase section */
		DAC83C731FB51A7E00CDE491 /* Resources */ = {
			isa = PBXResourcesBuildPhase;
			buildActionMask = 2147483647;
			files = (
				DAC83C881FB51A7E00CDE491 /* LaunchScreen.storyboard in Resources */,
				DAC83C851FB51A7E00CDE491 /* Assets.xcassets in Resources */,
				DAC83C801FB51A7E00CDE491 /* Main.storyboard in Resources */,
			);
			runOnlyForDeploymentPostprocessing = 0;
		};
/* End PBXResourcesBuildPhase section */

/* Begin PBXSourcesBuildPhase section */
		DAC83C711FB51A7E00CDE491 /* Sources */ = {
			isa = PBXSourcesBuildPhase;
			buildActionMask = 2147483647;
			files = (
				DAD3D4E61FB54FE900A1B287 /* AddTaskViewController.m in Sources */,
				DAC83C931FB51AD200CDE491 /* ToDo.m in Sources */,
				DAC83C7D1FB51A7E00CDE491 /* ViewController.m in Sources */,
				DAD3D4E31FB5477900A1B287 /* TaskTableViewCell.m in Sources */,
				DAC83C831FB51A7E00CDE491 /* PracticeEveryDo.xcdatamodeld in Sources */,
				DAC83C8B1FB51A7E00CDE491 /* main.m in Sources */,
				DAC83C7A1FB51A7E00CDE491 /* AppDelegate.m in Sources */,
			);
			runOnlyForDeploymentPostprocessing = 0;
		};
/* End PBXSourcesBuildPhase section */

/* Begin PBXVariantGroup section */
		DAC83C7E1FB51A7E00CDE491 /* Main.storyboard */ = {
			isa = PBXVariantGroup;
			children = (
				DAC83C7F1FB51A7E00CDE491 /* Base */,
			);
			name = Main.storyboard;
			sourceTree = "<group>";
		};
		DAC83C861FB51A7E00CDE491 /* LaunchScreen.storyboard */ = {
			isa = PBXVariantGroup;
			children = (
				DAC83C871FB51A7E00CDE491 /* Base */,
			);
			name = LaunchScreen.storyboard;
			sourceTree = "<group>";
		};
/* End PBXVariantGroup section */

/* Begin XCBuildConfiguration section */
		DAC83C8C1FB51A7E00CDE491 /* Debug */ = {
			isa = XCBuildConfiguration;
			buildSettings = {
				ALWAYS_SEARCH_USER_PATHS = NO;
				CLANG_ANALYZER_NONNULL = YES;
				CLANG_ANALYZER_NUMBER_OBJECT_CONVERSION = YES_AGGRESSIVE;
				CLANG_CXX_LANGUAGE_STANDARD = "gnu++14";
				CLANG_CXX_LIBRARY = "libc++";
				CLANG_ENABLE_MODULES = YES;
				CLANG_ENABLE_OBJC_ARC = YES;
				CLANG_WARN_BLOCK_CAPTURE_AUTORELEASING = YES;
				CLANG_WARN_BOOL_CONVERSION = YES;
				CLANG_WARN_COMMA = YES;
				CLANG_WARN_CONSTANT_CONVERSION = YES;
				CLANG_WARN_DIRECT_OBJC_ISA_USAGE = YES_ERROR;
				CLANG_WARN_DOCUMENTATION_COMMENTS = YES;
				CLANG_WARN_EMPTY_BODY = YES;
				CLANG_WARN_ENUM_CONVERSION = YES;
				CLANG_WARN_INFINITE_RECURSION = YES;
				CLANG_WARN_INT_CONVERSION = YES;
				CLANG_WARN_NON_LITERAL_NULL_CONVERSION = YES;
				CLANG_WARN_OBJC_LITERAL_CONVERSION = YES;
				CLANG_WARN_OBJC_ROOT_CLASS = YES_ERROR;
				CLANG_WARN_RANGE_LOOP_ANALYSIS = YES;
				CLANG_WARN_STRICT_PROTOTYPES = YES;
				CLANG_WARN_SUSPICIOUS_MOVE = YES;
				CLANG_WARN_UNGUARDED_AVAILABILITY = YES_AGGRESSIVE;
				CLANG_WARN_UNREACHABLE_CODE = YES;
				CLANG_WARN__DUPLICATE_METHOD_MATCH = YES;
				CODE_SIGN_IDENTITY = "iPhone Developer";
				COPY_PHASE_STRIP = NO;
				DEBUG_INFORMATION_FORMAT = dwarf;
				ENABLE_STRICT_OBJC_MSGSEND = YES;
				ENABLE_TESTABILITY = YES;
				GCC_C_LANGUAGE_STANDARD = gnu11;
				GCC_DYNAMIC_NO_PIC = NO;
				GCC_NO_COMMON_BLOCKS = YES;
				GCC_OPTIMIZATION_LEVEL = 0;
				GCC_PREPROCESSOR_DEFINITIONS = (
					"DEBUG=1",
					"$(inherited)",
				);
				GCC_WARN_64_TO_32_BIT_CONVERSION = YES;
				GCC_WARN_ABOUT_RETURN_TYPE = YES_ERROR;
				GCC_WARN_UNDECLARED_SELECTOR = YES;
				GCC_WARN_UNINITIALIZED_AUTOS = YES_AGGRESSIVE;
				GCC_WARN_UNUSED_FUNCTION = YES;
				GCC_WARN_UNUSED_VARIABLE = YES;
				IPHONEOS_DEPLOYMENT_TARGET = 11.1;
				MTL_ENABLE_DEBUG_INFO = YES;
				ONLY_ACTIVE_ARCH = YES;
				SDKROOT = iphoneos;
			};
			name = Debug;
		};
		DAC83C8D1FB51A7E00CDE491 /* Release */ = {
			isa = XCBuildConfiguration;
			buildSettings = {
				ALWAYS_SEARCH_USER_PATHS = NO;
				CLANG_ANALYZER_NONNULL = YES;
				CLANG_ANALYZER_NUMBER_OBJECT_CONVERSION = YES_AGGRESSIVE;
				CLANG_CXX_LANGUAGE_STANDARD = "gnu++14";
				CLANG_CXX_LIBRARY = "libc++";
				CLANG_ENABLE_MODULES = YES;
				CLANG_ENABLE_OBJC_ARC = YES;
				CLANG_WARN_BLOCK_CAPTURE_AUTORELEASING = YES;
				CLANG_WARN_BOOL_CONVERSION = YES;
				CLANG_WARN_COMMA = YES;
				CLANG_WARN_CONSTANT_CONVERSION = YES;
				CLANG_WARN_DIRECT_OBJC_ISA_USAGE = YES_ERROR;
				CLANG_WARN_DOCUMENTATION_COMMENTS = YES;
				CLANG_WARN_EMPTY_BODY = YES;
				CLANG_WARN_ENUM_CONVERSION = YES;
				CLANG_WARN_INFINITE_RECURSION = YES;
				CLANG_WARN_INT_CONVERSION = YES;
				CLANG_WARN_NON_LITERAL_NULL_CONVERSION = YES;
				CLANG_WARN_OBJC_LITERAL_CONVERSION = YES;
				CLANG_WARN_OBJC_ROOT_CLASS = YES_ERROR;
				CLANG_WARN_RANGE_LOOP_ANALYSIS = YES;
				CLANG_WARN_STRICT_PROTOTYPES = YES;
				CLANG_WARN_SUSPICIOUS_MOVE = YES;
				CLANG_WARN_UNGUARDED_AVAILABILITY = YES_AGGRESSIVE;
				CLANG_WARN_UNREACHABLE_CODE = YES;
				CLANG_WARN__DUPLICATE_METHOD_MATCH = YES;
				CODE_SIGN_IDENTITY = "iPhone Developer";
				COPY_PHASE_STRIP = NO;
				DEBUG_INFORMATION_FORMAT = "dwarf-with-dsym";
				ENABLE_NS_ASSERTIONS = NO;
				ENABLE_STRICT_OBJC_MSGSEND = YES;
				GCC_C_LANGUAGE_STANDARD = gnu11;
				GCC_NO_COMMON_BLOCKS = YES;
				GCC_WARN_64_TO_32_BIT_CONVERSION = YES;
				GCC_WARN_ABOUT_RETURN_TYPE = YES_ERROR;
				GCC_WARN_UNDECLARED_SELECTOR = YES;
				GCC_WARN_UNINITIALIZED_AUTOS = YES_AGGRESSIVE;
				GCC_WARN_UNUSED_FUNCTION = YES;
				GCC_WARN_UNUSED_VARIABLE = YES;
				IPHONEOS_DEPLOYMENT_TARGET = 11.1;
				MTL_ENABLE_DEBUG_INFO = NO;
				SDKROOT = iphoneos;
				VALIDATE_PRODUCT = YES;
			};
			name = Release;
		};
		DAC83C8F1FB51A7E00CDE491 /* Debug */ = {
			isa = XCBuildConfiguration;
			buildSettings = {
				ASSETCATALOG_COMPILER_APPICON_NAME = AppIcon;
				CODE_SIGN_STYLE = Automatic;
				DEVELOPMENT_TEAM = 9T98QB7DLD;
				INFOPLIST_FILE = PracticeEveryDo/Info.plist;
				LD_RUNPATH_SEARCH_PATHS = "$(inherited) @executable_path/Frameworks";
				PRODUCT_BUNDLE_IDENTIFIER = com.Paul.PracticeEveryDo;
				PRODUCT_NAME = "$(TARGET_NAME)";
				TARGETED_DEVICE_FAMILY = "1,2";
			};
			name = Debug;
		};
		DAC83C901FB51A7E00CDE491 /* Release */ = {
			isa = XCBuildConfiguration;
			buildSettings = {
				ASSETCATALOG_COMPILER_APPICON_NAME = AppIcon;
				CODE_SIGN_STYLE = Automatic;
				DEVELOPMENT_TEAM = 9T98QB7DLD;
				INFOPLIST_FILE = PracticeEveryDo/Info.plist;
				LD_RUNPATH_SEARCH_PATHS = "$(inherited) @executable_path/Frameworks";
				PRODUCT_BUNDLE_IDENTIFIER = com.Paul.PracticeEveryDo;
				PRODUCT_NAME = "$(TARGET_NAME)";
				TARGETED_DEVICE_FAMILY = "1,2";
			};
			name = Release;
		};
/* End XCBuildConfiguration section */

/* Begin XCConfigurationList section */
		DAC83C701FB51A7E00CDE491 /* Build configuration list for PBXProject "PracticeEveryDo" */ = {
			isa = XCConfigurationList;
			buildConfigurations = (
				DAC83C8C1FB51A7E00CDE491 /* Debug */,
				DAC83C8D1FB51A7E00CDE491 /* Release */,
			);
			defaultConfigurationIsVisible = 0;
			defaultConfigurationName = Release;
		};
		DAC83C8E1FB51A7E00CDE491 /* Build configuration list for PBXNativeTarget "PracticeEveryDo" */ = {
			isa = XCConfigurationList;
			buildConfigurations = (
				DAC83C8F1FB51A7E00CDE491 /* Debug */,
				DAC83C901FB51A7E00CDE491 /* Release */,
			);
			defaultConfigurationIsVisible = 0;
			defaultConfigurationName = Release;
		};
/* End XCConfigurationList section */

/* Begin XCVersionGroup section */
		DAC83C811FB51A7E00CDE491 /* PracticeEveryDo.xcdatamodeld */ = {
			isa = XCVersionGroup;
			children = (
				DAC83C821FB51A7E00CDE491 /* PracticeEveryDo.xcdatamodel */,
			);
			currentVersion = DAC83C821FB51A7E00CDE491 /* PracticeEveryDo.xcdatamodel */;
			path = PracticeEveryDo.xcdatamodeld;
			sourceTree = "<group>";
			versionGroupType = wrapper.xcdatamodel;
		};
/* End XCVersionGroup section */
	};
	rootObject = DAC83C6D1FB51A7E00CDE491 /* Project object */;
}
